
Microsoft Visual Studio Solution File, Format Version 12.00
# Visual Studio Version 16
VisualStudioVersion = 16.0.29318.209
MinimumVisualStudioVersion = 10.0.40219.1
Project("{FAE04EC0-301F-11D3-BF4B-00C04F79EFBC}") = "DependencyInjection", "DependencyInjection\DependencyInjection.csproj", "{98BD52C8-1D1F-4ACB-9B01-58AC2B897BE3}"
EndProject
Global
	GlobalSection(SolutionConfigurationPlatforms) = preSolution
		Debug|Any CPU = Debug|Any CPU
		Release|Any CPU = Release|Any CPU
	EndGlobalSection
	GlobalSection(ProjectConfigurationPlatforms) = postSolution
		{98BD52C8-1D1F-4ACB-9B01-58AC2B897BE3}.Debug|Any CPU.ActiveCfg = Debug|Any CPU
		{98BD52C8-1D1F-4ACB-9B01-58AC2B897BE3}.Debug|Any CPU.Build.0 = Debug|Any CPU
		{98BD52C8-1D1F-4ACB-9B01-58AC2B897BE3}.Release|Any CPU.ActiveCfg = Release|Any CPU
		{98BD52C8-1D1F-4ACB-9B01-58AC2B897BE3}.Release|Any CPU.Build.0 = Release|Any CPU
	EndGlobalSection
	GlobalSection(SolutionProperties) = preSolution
		HideSolutionNode = FALSE
	EndGlobalSection
	GlobalSection(ExtensibilityGlobals) = postSolution
		SolutionGuid = {38BE67C1-B398-46C2-B338-9D7516F38BD0}
	EndGlobalSection
EndGlobal
